
Microsoft Visual Studio Solution File, Format Version 12.00
# Visual Studio Version 17
VisualStudioVersion = 17.6.33801.468
MinimumVisualStudioVersion = 10.0.40219.1
Project("{888888A0-9F3D-457C-B088-3A5042F75D52}") = "Django_mysql", "Django_mysql\Django_mysql.pyproj", "{AFE519D8-5FA2-4511-AE45-5D0F87BBEACA}"
EndProject
Global
	GlobalSection(SolutionConfigurationPlatforms) = preSolution
		Debug|Any CPU = Debug|Any CPU
		Release|Any CPU = Release|Any CPU
	EndGlobalSection
	GlobalSection(ProjectConfigurationPlatforms) = postSolution
		{AFE519D8-5FA2-4511-AE45-5D0F87BBEACA}.Debug|Any CPU.ActiveCfg = Debug|Any CPU
		{AFE519D8-5FA2-4511-AE45-5D0F87BBEACA}.Debug|Any CPU.Build.0 = Debug|Any CPU
		{AFE519D8-5FA2-4511-AE45-5D0F87BBEACA}.Release|Any CPU.ActiveCfg = Release|Any CPU
		{AFE519D8-5FA2-4511-AE45-5D0F87BBEACA}.Release|Any CPU.Build.0 = Release|Any CPU
	EndGlobalSection
	GlobalSection(SolutionProperties) = preSolution
		HideSolutionNode = FALSE
	EndGlobalSection
	GlobalSection(ExtensibilityGlobals) = postSolution
		SolutionGuid = {ABFD2014-70EC-4448-A48F-B23E1AC34588}
	EndGlobalSection
EndGlobal
